// !$*UTF8*$!
{
	archiveVersion = 1;
	classes = {
	};
	objectVersion = 46;
	objects = {

/* Begin PBXBuildFile section */
		79305D751998A63300CB5029 /* ELCRtu.m in Sources */ = {isa = PBXBuildFile; fileRef = 79305D741998A63300CB5029 /* ELCRtu.m */; };
		79E2385C1998A1CA00B47304 /* Foundation.framework in Frameworks */ = {isa = PBXBuildFile; fileRef = 79E2385B1998A1CA00B47304 /* Foundation.framework */; };
		79E2385E1998A1CA00B47304 /* CoreGraphics.framework in Frameworks */ = {isa = PBXBuildFile; fileRef = 79E2385D1998A1CA00B47304 /* CoreGraphics.framework */; };
		79E238601998A1CA00B47304 /* UIKit.framework in Frameworks */ = {isa = PBXBuildFile; fileRef = 79E2385F1998A1CA00B47304 /* UIKit.framework */; };
		79E238661998A1CA00B47304 /* InfoPlist.strings in Resources */ = {isa = PBXBuildFile; fileRef = 79E238641998A1CA00B47304 /* InfoPlist.strings */; };
		79E238681998A1CA00B47304 /* main.m in Sources */ = {isa = PBXBuildFile; fileRef = 79E238671998A1CA00B47304 /* main.m */; };
		79E2386C1998A1CA00B47304 /* ELCAppDelegate.m in Sources */ = {isa = PBXBuildFile; fileRef = 79E2386B1998A1CA00B47304 /* ELCAppDelegate.m */; };
		79E2387A1998A1CA00B47304 /* Images.xcassets in Resources */ = {isa = PBXBuildFile; fileRef = 79E238791998A1CA00B47304 /* Images.xcassets */; };
		79E238811998A1CA00B47304 /* XCTest.framework in Frameworks */ = {isa = PBXBuildFile; fileRef = 79E238801998A1CA00B47304 /* XCTest.framework */; };
		79E238821998A1CA00B47304 /* Foundation.framework in Frameworks */ = {isa = PBXBuildFile; fileRef = 79E2385B1998A1CA00B47304 /* Foundation.framework */; };
		79E238831998A1CA00B47304 /* UIKit.framework in Frameworks */ = {isa = PBXBuildFile; fileRef = 79E2385F1998A1CA00B47304 /* UIKit.framework */; };
		79E2388B1998A1CA00B47304 /* InfoPlist.strings in Resources */ = {isa = PBXBuildFile; fileRef = 79E238891998A1CA00B47304 /* InfoPlist.strings */; };
		79E2388D1998A1CA00B47304 /* ENotifyV2Tests.m in Sources */ = {isa = PBXBuildFile; fileRef = 79E2388C1998A1CA00B47304 /* ENotifyV2Tests.m */; };
		A344CF8473864EF2BD69CBFA /* libPods-ENotifyV2.a in Frameworks */ = {isa = PBXBuildFile; fileRef = 4E75C0C861234B98B25C0B84 /* libPods-ENotifyV2.a */; };
		C4114995199DF5350072F78C /* ELCAddAlarmCommentViewController.m in Sources */ = {isa = PBXBuildFile; fileRef = C4114994199DF5350072F78C /* ELCAddAlarmCommentViewController.m */; };
		C4114998199DF5780072F78C /* ELCAlarmCommentListViewController.m in Sources */ = {isa = PBXBuildFile; fileRef = C4114997199DF5780072F78C /* ELCAlarmCommentListViewController.m */; };
		C411499B199DFDA80072F78C /* ELCRtuListViewController.m in Sources */ = {isa = PBXBuildFile; fileRef = C411499A199DFDA80072F78C /* ELCRtuListViewController.m */; };
		C411499E199DFE900072F78C /* ELCRtuTableViewCell.m in Sources */ = {isa = PBXBuildFile; fileRef = C411499D199DFE8F0072F78C /* ELCRtuTableViewCell.m */; };
		C41149A1199E02610072F78C /* ELCAlarm.m in Sources */ = {isa = PBXBuildFile; fileRef = C41149A0199E02610072F78C /* ELCAlarm.m */; };
		C41F64E2199D64990090636B /* ELCMainViewController.m in Sources */ = {isa = PBXBuildFile; fileRef = C41F64E1199D64990090636B /* ELCMainViewController.m */; };
		C41F64E8199D64E00090636B /* ELCAppConfigViewController.m in Sources */ = {isa = PBXBuildFile; fileRef = C41F64E7199D64E00090636B /* ELCAppConfigViewController.m */; };
		C41F64EB199D6B020090636B /* ELCAlarmTableViewCell.m in Sources */ = {isa = PBXBuildFile; fileRef = C41F64EA199D6B020090636B /* ELCAlarmTableViewCell.m */; };
		C41F64EE199D6B9D0090636B /* ELCAlarmDetailViewController.m in Sources */ = {isa = PBXBuildFile; fileRef = C41F64ED199D6B9D0090636B /* ELCAlarmDetailViewController.m */; };
		C41F64FE199D6B9D0090636B /* App.bmp in Resources */ = {isa = PBXBuildFile; fileRef = C41F64F0199D6B9D0090636B /* App.bmp */; };
		C41F64FF199D6B9D0090636B /* App.png in Resources */ = {isa = PBXBuildFile; fileRef = C41F64F1199D6B9D0090636B /* App.png */; };
		C41F6500199D6B9D0090636B /* App120x120.png in Resources */ = {isa = PBXBuildFile; fileRef = C41F64F2199D6B9D0090636B /* App120x120.png */; };
		C41F6501199D6B9D0090636B /* App80x80.png in Resources */ = {isa = PBXBuildFile; fileRef = C41F64F3199D6B9D0090636B /* App80x80.png */; };
		C41F6502199D6B9D0090636B /* back-25.png in Resources */ = {isa = PBXBuildFile; fileRef = C41F64F4199D6B9D0090636B /* back-25.png */; };
		C41F6503199D6B9D0090636B /* back-512.png in Resources */ = {isa = PBXBuildFile; fileRef = C41F64F5199D6B9D0090636B /* back-512.png */; };
		C41F6504199D6B9D0090636B /* ElcomTek.png in Resources */ = {isa = PBXBuildFile; fileRef = C41F64F6199D6B9D0090636B /* ElcomTek.png */; };
		C41F6505199D6B9D0090636B /* error-25.png in Resources */ = {isa = PBXBuildFile; fileRef = C41F64F7199D6B9D0090636B /* error-25.png */; };
		C41F6506199D6B9D0090636B /* Error_18.png in Resources */ = {isa = PBXBuildFile; fileRef = C41F64F8199D6B9D0090636B /* Error_18.png */; };
		C41F6507199D6B9D0090636B /* ov_lock.png in Resources */ = {isa = PBXBuildFile; fileRef = C41F64F9199D6B9D0090636B /* ov_lock.png */; };
		C41F6508199D6B9D0090636B /* ov_unlock.png in Resources */ = {isa = PBXBuildFile; fileRef = C41F64FA199D6B9D0090636B /* ov_unlock.png */; };
		C41F6509199D6B9D0090636B /* ov_warn.png in Resources */ = {isa = PBXBuildFile; fileRef = C41F64FB199D6B9D0090636B /* ov_warn.png */; };
		C41F650A199D6B9D0090636B /* Reply_Error_18.png in Resources */ = {isa = PBXBuildFile; fileRef = C41F64FC199D6B9D0090636B /* Reply_Error_18.png */; };
		C41F650B199D6B9D0090636B /* Reply_Ok_18.png in Resources */ = {isa = PBXBuildFile; fileRef = C41F64FD199D6B9D0090636B /* Reply_Ok_18.png */; };
		C41F650D199D6B9D0090636B /* MapKit.framework in Frameworks */ = {isa = PBXBuildFile; fileRef = C41F650C199D6B9D0090636B /* MapKit.framework */; };
		C41F6510199D6B9D0090636B /* ELCMapViewController.m in Sources */ = {isa = PBXBuildFile; fileRef = C41F650F199D6B9D0090636B /* ELCMapViewController.m */; };
		C41F6512199D6B9D0090636B /* CoreLocation.framework in Frameworks */ = {isa = PBXBuildFile; fileRef = C41F6511199D6B9D0090636B /* CoreLocation.framework */; };
		C4B3617E199CA25900865F7A /* Main.storyboard in Resources */ = {isa = PBXBuildFile; fileRef = C4B3617D199CA25900865F7A /* Main.storyboard */; };
		C4B36181199CAB6E00865F7A /* ELCLoginViewController.m in Sources */ = {isa = PBXBuildFile; fileRef = C4B36180199CAB6E00865F7A /* ELCLoginViewController.m */; };
		C4B36183199CB27D00865F7A /* AudioToolbox.framework in Frameworks */ = {isa = PBXBuildFile; fileRef = C4B36182199CB27D00865F7A /* AudioToolbox.framework */; };
/* End PBXBuildFile section */

/* Begin PBXContainerItemProxy section */
		79E238841998A1CA00B47304 /* PBXContainerItemProxy */ = {
			isa = PBXContainerItemProxy;
			containerPortal = 79E238501998A1C900B47304 /* Project object */;
			proxyType = 1;
			remoteGlobalIDString = 79E238571998A1CA00B47304;
			remoteInfo = ENotifyV2;
		};
/* End PBXContainerItemProxy section */

/* Begin PBXFileReference section */
		4E75C0C861234B98B25C0B84 /* libPods-ENotifyV2.a */ = {isa = PBXFileReference; explicitFileType = archive.ar; includeInIndex = 0; path = "libPods-ENotifyV2.a"; sourceTree = BUILT_PRODUCTS_DIR; };
		6262EF837C5345959712B2AD /* Pods-ENotifyV2.xcconfig */ = {isa = PBXFileReference; includeInIndex = 1; lastKnownFileType = text.xcconfig; name = "Pods-ENotifyV2.xcconfig"; path = "Pods/Pods-ENotifyV2.xcconfig"; sourceTree = "<group>"; };
		79305D731998A63300CB5029 /* ELCRtu.h */ = {isa = PBXFileReference; fileEncoding = 4; lastKnownFileType = sourcecode.c.h; name = ELCRtu.h; path = ENotifyV2/ELCRtu.h; sourceTree = "<group>"; };
		79305D741998A63300CB5029 /* ELCRtu.m */ = {isa = PBXFileReference; fileEncoding = 4; lastKnownFileType = sourcecode.c.objc; name = ELCRtu.m; path = ENotifyV2/ELCRtu.m; sourceTree = "<group>"; };
		79305D781998A98400CB5029 /* Common.h */ = {isa = PBXFileReference; fileEncoding = 4; lastKnownFileType = sourcecode.c.h; name = Common.h; path = ENotifyV2/Common.h; sourceTree = "<group>"; };
		79E238581998A1CA00B47304 /* ENotifyV2.app */ = {isa = PBXFileReference; explicitFileType = wrapper.application; includeInIndex = 0; path = ENotifyV2.app; sourceTree = BUILT_PRODUCTS_DIR; };
		79E2385B1998A1CA00B47304 /* Foundation.framework */ = {isa = PBXFileReference; lastKnownFileType = wrapper.framework; name = Foundation.framework; path = System/Library/Frameworks/Foundation.framework; sourceTree = SDKROOT; };
		79E2385D1998A1CA00B47304 /* CoreGraphics.framework */ = {isa = PBXFileReference; lastKnownFileType = wrapper.framework; name = CoreGraphics.framework; path = System/Library/Frameworks/CoreGraphics.framework; sourceTree = SDKROOT; };
		79E2385F1998A1CA00B47304 /* UIKit.framework */ = {isa = PBXFileReference; lastKnownFileType = wrapper.framework; name = UIKit.framework; path = System/Library/Frameworks/UIKit.framework; sourceTree = SDKROOT; };
		79E238631998A1CA00B47304 /* ENotifyV2-Info.plist */ = {isa = PBXFileReference; lastKnownFileType = text.plist.xml; path = "ENotifyV2-Info.plist"; sourceTree = "<group>"; };
		79E238651998A1CA00B47304 /* en */ = {isa = PBXFileReference; lastKnownFileType = text.plist.strings; name = en; path = en.lproj/InfoPlist.strings; sourceTree = "<group>"; };
		79E238671998A1CA00B47304 /* main.m */ = {isa = PBXFileReference; lastKnownFileType = sourcecode.c.objc; path = main.m; sourceTree = "<group>"; };
		79E238691998A1CA00B47304 /* ENotifyV2-Prefix.pch */ = {isa = PBXFileReference; lastKnownFileType = sourcecode.c.h; path = "ENotifyV2-Prefix.pch"; sourceTree = "<group>"; };
		79E2386A1998A1CA00B47304 /* ELCAppDelegate.h */ = {isa = PBXFileReference; lastKnownFileType = sourcecode.c.h; path = ELCAppDelegate.h; sourceTree = "<group>"; };
		79E2386B1998A1CA00B47304 /* ELCAppDelegate.m */ = {isa = PBXFileReference; lastKnownFileType = sourcecode.c.objc; path = ELCAppDelegate.m; sourceTree = "<group>"; };
		79E238791998A1CA00B47304 /* Images.xcassets */ = {isa = PBXFileReference; lastKnownFileType = folder.assetcatalog; path = Images.xcassets; sourceTree = "<group>"; };
		79E2387F1998A1CA00B47304 /* ENotifyV2Tests.xctest */ = {isa = PBXFileReference; explicitFileType = wrapper.cfbundle; includeInIndex = 0; path = ENotifyV2Tests.xctest; sourceTree = BUILT_PRODUCTS_DIR; };
		79E238801998A1CA00B47304 /* XCTest.framework */ = {isa = PBXFileReference; lastKnownFileType = wrapper.framework; name = XCTest.framework; path = Library/Frameworks/XCTest.framework; sourceTree = DEVELOPER_DIR; };
		79E238881998A1CA00B47304 /* ENotifyV2Tests-Info.plist */ = {isa = PBXFileReference; lastKnownFileType = text.plist.xml; path = "ENotifyV2Tests-Info.plist"; sourceTree = "<group>"; };
		79E2388A1998A1CA00B47304 /* en */ = {isa = PBXFileReference; lastKnownFileType = text.plist.strings; name = en; path = en.lproj/InfoPlist.strings; sourceTree = "<group>"; };
		79E2388C1998A1CA00B47304 /* ENotifyV2Tests.m */ = {isa = PBXFileReference; lastKnownFileType = sourcecode.c.objc; path = ENotifyV2Tests.m; sourceTree = "<group>"; };
		C4114993199DF5350072F78C /* ELCAddAlarmCommentViewController.h */ = {isa = PBXFileReference; fileEncoding = 4; lastKnownFileType = sourcecode.c.h; path = ELCAddAlarmCommentViewController.h; sourceTree = "<group>"; };
		C4114994199DF5350072F78C /* ELCAddAlarmCommentViewController.m */ = {isa = PBXFileReference; fileEncoding = 4; lastKnownFileType = sourcecode.c.objc; path = ELCAddAlarmCommentViewController.m; sourceTree = "<group>"; };
		C4114996199DF5780072F78C /* ELCAlarmCommentListViewController.h */ = {isa = PBXFileReference; fileEncoding = 4; lastKnownFileType = sourcecode.c.h; path = ELCAlarmCommentListViewController.h; sourceTree = "<group>"; };
		C4114997199DF5780072F78C /* ELCAlarmCommentListViewController.m */ = {isa = PBXFileReference; fileEncoding = 4; lastKnownFileType = sourcecode.c.objc; path = ELCAlarmCommentListViewController.m; sourceTree = "<group>"; };
		C4114999199DFDA80072F78C /* ELCRtuListViewController.h */ = {isa = PBXFileReference; fileEncoding = 4; lastKnownFileType = sourcecode.c.h; path = ELCRtuListViewController.h; sourceTree = "<group>"; };
		C411499A199DFDA80072F78C /* ELCRtuListViewController.m */ = {isa = PBXFileReference; fileEncoding = 4; lastKnownFileType = sourcecode.c.objc; path = ELCRtuListViewController.m; sourceTree = "<group>"; };
		C411499C199DFE8F0072F78C /* ELCRtuTableViewCell.h */ = {isa = PBXFileReference; fileEncoding = 4; lastKnownFileType = sourcecode.c.h; path = ELCRtuTableViewCell.h; sourceTree = "<group>"; };
		C411499D199DFE8F0072F78C /* ELCRtuTableViewCell.m */ = {isa = PBXFileReference; fileEncoding = 4; lastKnownFileType = sourcecode.c.objc; path = ELCRtuTableViewCell.m; sourceTree = "<group>"; };
		C411499F199E02610072F78C /* ELCAlarm.h */ = {isa = PBXFileReference; fileEncoding = 4; lastKnownFileType = sourcecode.c.h; name = ELCAlarm.h; path = ENotifyV2/ELCAlarm.h; sourceTree = "<group>"; };
		C41149A0199E02610072F78C /* ELCAlarm.m */ = {isa = PBXFileReference; fileEncoding = 4; lastKnownFileType = sourcecode.c.objc; name = ELCAlarm.m; path = ENotifyV2/ELCAlarm.m; sourceTree = "<group>"; };
		C41F64E0199D64990090636B /* ELCMainViewController.h */ = {isa = PBXFileReference; fileEncoding = 4; lastKnownFileType = sourcecode.c.h; path = ELCMainViewController.h; sourceTree = "<group>"; };
		C41F64E1199D64990090636B /* ELCMainViewController.m */ = {isa = PBXFileReference; fileEncoding = 4; lastKnownFileType = sourcecode.c.objc; path = ELCMainViewController.m; sourceTree = "<group>"; };
		C41F64E6199D64E00090636B /* ELCAppConfigViewController.h */ = {isa = PBXFileReference; fileEncoding = 4; lastKnownFileType = sourcecode.c.h; path = ELCAppConfigViewController.h; sourceTree = "<group>"; };
		C41F64E7199D64E00090636B /* ELCAppConfigViewController.m */ = {isa = PBXFileReference; fileEncoding = 4; lastKnownFileType = sourcecode.c.objc; path = ELCAppConfigViewController.m; sourceTree = "<group>"; };
		C41F64E9199D6B020090636B /* ELCAlarmTableViewCell.h */ = {isa = PBXFileReference; fileEncoding = 4; lastKnownFileType = sourcecode.c.h; path = ELCAlarmTableViewCell.h; sourceTree = "<group>"; };
		C41F64EA199D6B020090636B /* ELCAlarmTableViewCell.m */ = {isa = PBXFileReference; fileEncoding = 4; lastKnownFileType = sourcecode.c.objc; path = ELCAlarmTableViewCell.m; sourceTree = "<group>"; };
		C41F64EC199D6B9D0090636B /* ELCAlarmDetailViewController.h */ = {isa = PBXFileReference; fileEncoding = 4; lastKnownFileType = sourcecode.c.h; path = ELCAlarmDetailViewController.h; sourceTree = "<group>"; };
		C41F64ED199D6B9D0090636B /* ELCAlarmDetailViewController.m */ = {isa = PBXFileReference; fileEncoding = 4; lastKnownFileType = sourcecode.c.objc; path = ELCAlarmDetailViewController.m; sourceTree = "<group>"; };
		C41F64F0199D6B9D0090636B /* App.bmp */ = {isa = PBXFileReference; lastKnownFileType = image.bmp; path = App.bmp; sourceTree = "<group>"; };
		C41F64F1199D6B9D0090636B /* App.png */ = {isa = PBXFileReference; lastKnownFileType = image.png; path = App.png; sourceTree = "<group>"; };
		C41F64F2199D6B9D0090636B /* App120x120.png */ = {isa = PBXFileReference; lastKnownFileType = image.png; path = App120x120.png; sourceTree = "<group>"; };
		C41F64F3199D6B9D0090636B /* App80x80.png */ = {isa = PBXFileReference; lastKnownFileType = image.png; path = App80x80.png; sourceTree = "<group>"; };
		C41F64F4199D6B9D0090636B /* back-25.png */ = {isa = PBXFileReference; lastKnownFileType = image.png; path = "back-25.png"; sourceTree = "<group>"; };
		C41F64F5199D6B9D0090636B /* back-512.png */ = {isa = PBXFileReference; lastKnownFileType = image.png; path = "back-512.png"; sourceTree = "<group>"; };
		C41F64F6199D6B9D0090636B /* ElcomTek.png */ = {isa = PBXFileReference; lastKnownFileType = image.png; path = ElcomTek.png; sourceTree = "<group>"; };
		C41F64F7199D6B9D0090636B /* error-25.png */ = {isa = PBXFileReference; lastKnownFileType = image.png; path = "error-25.png"; sourceTree = "<group>"; };
		C41F64F8199D6B9D0090636B /* Error_18.png */ = {isa = PBXFileReference; lastKnownFileType = image.png; path = Error_18.png; sourceTree = "<group>"; };
		C41F64F9199D6B9D0090636B /* ov_lock.png */ = {isa = PBXFileReference; lastKnownFileType = image.png; path = ov_lock.png; sourceTree = "<group>"; };
		C41F64FA199D6B9D0090636B /* ov_unlock.png */ = {isa = PBXFileReference; lastKnownFileType = image.png; path = ov_unlock.png; sourceTree = "<group>"; };
		C41F64FB199D6B9D0090636B /* ov_warn.png */ = {isa = PBXFileReference; lastKnownFileType = image.png; path = ov_warn.png; sourceTree = "<group>"; };
		C41F64FC199D6B9D0090636B /* Reply_Error_18.png */ = {isa = PBXFileReference; lastKnownFileType = image.png; path = Reply_Error_18.png; sourceTree = "<group>"; };
		C41F64FD199D6B9D0090636B /* Reply_Ok_18.png */ = {isa = PBXFileReference; lastKnownFileType = image.png; path = Reply_Ok_18.png; sourceTree = "<group>"; };
		C41F650C199D6B9D0090636B /* MapKit.framework */ = {isa = PBXFileReference; lastKnownFileType = wrapper.framework; name = MapKit.framework; path = System/Library/Frameworks/MapKit.framework; sourceTree = SDKROOT; };
		C41F650E199D6B9D0090636B /* ELCMapViewController.h */ = {isa = PBXFileReference; fileEncoding = 4; lastKnownFileType = sourcecode.c.h; path = ELCMapViewController.h; sourceTree = "<group>"; };
		C41F650F199D6B9D0090636B /* ELCMapViewController.m */ = {isa = PBXFileReference; fileEncoding = 4; lastKnownFileType = sourcecode.c.objc; path = ELCMapViewController.m; sourceTree = "<group>"; };
		C41F6511199D6B9D0090636B /* CoreLocation.framework */ = {isa = PBXFileReference; lastKnownFileType = wrapper.framework; name = CoreLocation.framework; path = System/Library/Frameworks/CoreLocation.framework; sourceTree = SDKROOT; };
		C4B3617D199CA25900865F7A /* Main.storyboard */ = {isa = PBXFileReference; fileEncoding = 4; lastKnownFileType = file.storyboard; path = Main.storyboard; sourceTree = "<group>"; };
		C4B3617F199CAB6E00865F7A /* ELCLoginViewController.h */ = {isa = PBXFileReference; fileEncoding = 4; lastKnownFileType = sourcecode.c.h; path = ELCLoginViewController.h; sourceTree = "<group>"; };
		C4B36180199CAB6E00865F7A /* ELCLoginViewController.m */ = {isa = PBXFileReference; fileEncoding = 4; lastKnownFileType = sourcecode.c.objc; path = ELCLoginViewController.m; sourceTree = "<group>"; };
		C4B36182199CB27D00865F7A /* AudioToolbox.framework */ = {isa = PBXFileReference; lastKnownFileType = wrapper.framework; name = AudioToolbox.framework; path = System/Library/Frameworks/AudioToolbox.framework; sourceTree = SDKROOT; };
/* End PBXFileReference section */

/* Begin PBXFrameworksBuildPhase section */
		79E238551998A1CA00B47304 /* Frameworks */ = {
			isa = PBXFrameworksBuildPhase;
			buildActionMask = 2147483647;
			files = (
				C41F6512199D6B9D0090636B /* CoreLocation.framework in Frameworks */,
				C41F650D199D6B9D0090636B /* MapKit.framework in Frameworks */,
				C4B36183199CB27D00865F7A /* AudioToolbox.framework in Frameworks */,
				79E2385E1998A1CA00B47304 /* CoreGraphics.framework in Frameworks */,
				79E238601998A1CA00B47304 /* UIKit.framework in Frameworks */,
				79E2385C1998A1CA00B47304 /* Foundation.framework in Frameworks */,
				A344CF8473864EF2BD69CBFA /* libPods-ENotifyV2.a in Frameworks */,
			);
			runOnlyForDeploymentPostprocessing = 0;
		};
		79E2387C1998A1CA00B47304 /* Frameworks */ = {
			isa = PBXFrameworksBuildPhase;
			buildActionMask = 2147483647;
			files = (
				79E238811998A1CA00B47304 /* XCTest.framework in Frameworks */,
				79E238831998A1CA00B47304 /* UIKit.framework in Frameworks */,
				79E238821998A1CA00B47304 /* Foundation.framework in Frameworks */,
			);
			runOnlyForDeploymentPostprocessing = 0;
		};
/* End PBXFrameworksBuildPhase section */

/* Begin PBXGroup section */
		79305D761998A64700CB5029 /* Classes */ = {
			isa = PBXGroup;
			children = (
				79305D781998A98400CB5029 /* Common.h */,
				79305D731998A63300CB5029 /* ELCRtu.h */,
				79305D741998A63300CB5029 /* ELCRtu.m */,
				C411499F199E02610072F78C /* ELCAlarm.h */,
				C41149A0199E02610072F78C /* ELCAlarm.m */,
			);
			name = Classes;
			sourceTree = "<group>";
		};
		79E2384F1998A1C900B47304 = {
			isa = PBXGroup;
			children = (
				79305D761998A64700CB5029 /* Classes */,
				79E238611998A1CA00B47304 /* ENotifyV2 */,
				79E238861998A1CA00B47304 /* ENotifyV2Tests */,
				79E2385A1998A1CA00B47304 /* Frameworks */,
				79E238591998A1CA00B47304 /* Products */,
				6262EF837C5345959712B2AD /* Pods-ENotifyV2.xcconfig */,
			);
			sourceTree = "<group>";
		};
		79E238591998A1CA00B47304 /* Products */ = {
			isa = PBXGroup;
			children = (
				79E238581998A1CA00B47304 /* ENotifyV2.app */,
				79E2387F1998A1CA00B47304 /* ENotifyV2Tests.xctest */,
			);
			name = Products;
			sourceTree = "<group>";
		};
		79E2385A1998A1CA00B47304 /* Frameworks */ = {
			isa = PBXGroup;
			children = (
				C41F6511199D6B9D0090636B /* CoreLocation.framework */,
				C41F650C199D6B9D0090636B /* MapKit.framework */,
				C4B36182199CB27D00865F7A /* AudioToolbox.framework */,
				79E2385B1998A1CA00B47304 /* Foundation.framework */,
				79E2385D1998A1CA00B47304 /* CoreGraphics.framework */,
				79E2385F1998A1CA00B47304 /* UIKit.framework */,
				79E238801998A1CA00B47304 /* XCTest.framework */,
				4E75C0C861234B98B25C0B84 /* libPods-ENotifyV2.a */,
			);
			name = Frameworks;
			sourceTree = "<group>";
		};
		79E238611998A1CA00B47304 /* ENotifyV2 */ = {
			isa = PBXGroup;
			children = (
				C41F64EF199D6B9D0090636B /* Images */,
				79E2386A1998A1CA00B47304 /* ELCAppDelegate.h */,
				79E2386B1998A1CA00B47304 /* ELCAppDelegate.m */,
				79E238791998A1CA00B47304 /* Images.xcassets */,
				79E238621998A1CA00B47304 /* Supporting Files */,
				C4B3617D199CA25900865F7A /* Main.storyboard */,
				C4B3617F199CAB6E00865F7A /* ELCLoginViewController.h */,
				C4B36180199CAB6E00865F7A /* ELCLoginViewController.m */,
				C41F64E0199D64990090636B /* ELCMainViewController.h */,
				C41F64E1199D64990090636B /* ELCMainViewController.m */,
				C41F64E6199D64E00090636B /* ELCAppConfigViewController.h */,
				C41F64E7199D64E00090636B /* ELCAppConfigViewController.m */,
				C41F64E9199D6B020090636B /* ELCAlarmTableViewCell.h */,
				C41F64EA199D6B020090636B /* ELCAlarmTableViewCell.m */,
				C41F64EC199D6B9D0090636B /* ELCAlarmDetailViewController.h */,
				C41F64ED199D6B9D0090636B /* ELCAlarmDetailViewController.m */,
				C41F650E199D6B9D0090636B /* ELCMapViewController.h */,
				C41F650F199D6B9D0090636B /* ELCMapViewController.m */,
				C4114993199DF5350072F78C /* ELCAddAlarmCommentViewController.h */,
				C4114994199DF5350072F78C /* ELCAddAlarmCommentViewController.m */,
				C4114996199DF5780072F78C /* ELCAlarmCommentListViewController.h */,
				C4114997199DF5780072F78C /* ELCAlarmCommentListViewController.m */,
				C4114999199DFDA80072F78C /* ELCRtuListViewController.h */,
				C411499A199DFDA80072F78C /* ELCRtuListViewController.m */,
				C411499C199DFE8F0072F78C /* ELCRtuTableViewCell.h */,
				C411499D199DFE8F0072F78C /* ELCRtuTableViewCell.m */,
			);
			path = ENotifyV2;
			sourceTree = "<group>";
		};
		79E238621998A1CA00B47304 /* Supporting Files */ = {
			isa = PBXGroup;
			children = (
				79E238631998A1CA00B47304 /* ENotifyV2-Info.plist */,
				79E238641998A1CA00B47304 /* InfoPlist.strings */,
				79E238671998A1CA00B47304 /* main.m */,
				79E238691998A1CA00B47304 /* ENotifyV2-Prefix.pch */,
			);
			name = "Supporting Files";
			sourceTree = "<group>";
		};
		79E238861998A1CA00B47304 /* ENotifyV2Tests */ = {
			isa = PBXGroup;
			children = (
				79E2388C1998A1CA00B47304 /* ENotifyV2Tests.m */,
				79E238871998A1CA00B47304 /* Supporting Files */,
			);
			path = ENotifyV2Tests;
			sourceTree = "<group>";
		};
		79E238871998A1CA00B47304 /* Supporting Files */ = {
			isa = PBXGroup;
			children = (
				79E238881998A1CA00B47304 /* ENotifyV2Tests-Info.plist */,
				79E238891998A1CA00B47304 /* InfoPlist.strings */,
			);
			name = "Supporting Files";
			sourceTree = "<group>";
		};
		C41F64EF199D6B9D0090636B /* Images */ = {
			isa = PBXGroup;
			children = (
				C41F64F0199D6B9D0090636B /* App.bmp */,
				C41F64F1199D6B9D0090636B /* App.png */,
				C41F64F2199D6B9D0090636B /* App120x120.png */,
				C41F64F3199D6B9D0090636B /* App80x80.png */,
				C41F64F4199D6B9D0090636B /* back-25.png */,
				C41F64F5199D6B9D0090636B /* back-512.png */,
				C41F64F6199D6B9D0090636B /* ElcomTek.png */,
				C41F64F7199D6B9D0090636B /* error-25.png */,
				C41F64F8199D6B9D0090636B /* Error_18.png */,
				C41F64F9199D6B9D0090636B /* ov_lock.png */,
				C41F64FA199D6B9D0090636B /* ov_unlock.png */,
				C41F64FB199D6B9D0090636B /* ov_warn.png */,
				C41F64FC199D6B9D0090636B /* Reply_Error_18.png */,
				C41F64FD199D6B9D0090636B /* Reply_Ok_18.png */,
			);
			path = Images;
			sourceTree = "<group>";
		};
/* End PBXGroup section */

/* Begin PBXNativeTarget section */
		79E238571998A1CA00B47304 /* ENotifyV2 */ = {
			isa = PBXNativeTarget;
			buildConfigurationList = 79E238901998A1CA00B47304 /* Build configuration list for PBXNativeTarget "ENotifyV2" */;
			buildPhases = (
				517616DC8C6642EE8BDF028B /* Check Pods Manifest.lock */,
				79E238541998A1CA00B47304 /* Sources */,
				79E238551998A1CA00B47304 /* Frameworks */,
				79E238561998A1CA00B47304 /* Resources */,
				5C94CE0BF2D44BA48B9D3E8A /* Copy Pods Resources */,
			);
			buildRules = (
			);
			dependencies = (
			);
			name = ENotifyV2;
			productName = ENotifyV2;
			productReference = 79E238581998A1CA00B47304 /* ENotifyV2.app */;
			productType = "com.apple.product-type.application";
		};
		79E2387E1998A1CA00B47304 /* ENotifyV2Tests */ = {
			isa = PBXNativeTarget;
			buildConfigurationList = 79E238931998A1CA00B47304 /* Build configuration list for PBXNativeTarget "ENotifyV2Tests" */;
			buildPhases = (
				79E2387B1998A1CA00B47304 /* Sources */,
				79E2387C1998A1CA00B47304 /* Frameworks */,
				79E2387D1998A1CA00B47304 /* Resources */,
			);
			buildRules = (
			);
			dependencies = (
				79E238851998A1CA00B47304 /* PBXTargetDependency */,
			);
			name = ENotifyV2Tests;
			productName = ENotifyV2Tests;
			productReference = 79E2387F1998A1CA00B47304 /* ENotifyV2Tests.xctest */;
			productType = "com.apple.product-type.bundle.unit-test";
		};
/* End PBXNativeTarget section */

/* Begin PBXProject section */
		79E238501998A1C900B47304 /* Project object */ = {
			isa = PBXProject;
			attributes = {
				CLASSPREFIX = ELC;
				LastUpgradeCheck = 0510;
				ORGANIZATIONNAME = PCuong;
				TargetAttributes = {
					79E238571998A1CA00B47304 = {
						DevelopmentTeam = U5TV6SAVJ7;
					};
					79E2387E1998A1CA00B47304 = {
						TestTargetID = 79E238571998A1CA00B47304;
					};
				};
			};
			buildConfigurationList = 79E238531998A1C900B47304 /* Build configuration list for PBXProject "ENotifyV2" */;
			compatibilityVersion = "Xcode 3.2";
			developmentRegion = English;
			hasScannedForEncodings = 0;
			knownRegions = (
				en,
				Base,
			);
			mainGroup = 79E2384F1998A1C900B47304;
			productRefGroup = 79E238591998A1CA00B47304 /* Products */;
			projectDirPath = "";
			projectRoot = "";
			targets = (
				79E238571998A1CA00B47304 /* ENotifyV2 */,
				79E2387E1998A1CA00B47304 /* ENotifyV2Tests */,
			);
		};
/* End PBXProject section */

/* Begin PBXResourcesBuildPhase section */
		79E238561998A1CA00B47304 /* Resources */ = {
			isa = PBXResourcesBuildPhase;
			buildActionMask = 2147483647;
			files = (
				C41F650B199D6B9D0090636B /* Reply_Ok_18.png in Resources */,
				C41F64FF199D6B9D0090636B /* App.png in Resources */,
				C4B3617E199CA25900865F7A /* Main.storyboard in Resources */,
				C41F650A199D6B9D0090636B /* Reply_Error_18.png in Resources */,
				C41F6503199D6B9D0090636B /* back-512.png in Resources */,
				C41F6501199D6B9D0090636B /* App80x80.png in Resources */,
				C41F6507199D6B9D0090636B /* ov_lock.png in Resources */,
				C41F6502199D6B9D0090636B /* back-25.png in Resources */,
				C41F6506199D6B9D0090636B /* Error_18.png in Resources */,
				C41F6509199D6B9D0090636B /* ov_warn.png in Resources */,
				C41F6505199D6B9D0090636B /* error-25.png in Resources */,
				C41F6508199D6B9D0090636B /* ov_unlock.png in Resources */,
				C41F6504199D6B9D0090636B /* ElcomTek.png in Resources */,
				C41F64FE199D6B9D0090636B /* App.bmp in Resources */,
				79E2387A1998A1CA00B47304 /* Images.xcassets in Resources */,
				C41F6500199D6B9D0090636B /* App120x120.png in Resources */,
				79E238661998A1CA00B47304 /* InfoPlist.strings in Resources */,
			);
			runOnlyForDeploymentPostprocessing = 0;
		};
		79E2387D1998A1CA00B47304 /* Resources */ = {
			isa = PBXResourcesBuildPhase;
			buildActionMask = 2147483647;
			files = (
				79E2388B1998A1CA00B47304 /* InfoPlist.strings in Resources */,
			);
			runOnlyForDeploymentPostprocessing = 0;
		};
/* End PBXResourcesBuildPhase section */

/* Begin PBXShellScriptBuildPhase section */
		517616DC8C6642EE8BDF028B /* Check Pods Manifest.lock */ = {
			isa = PBXShellScriptBuildPhase;
			buildActionMask = 2147483647;
			files = (
			);
			inputPaths = (
			);
			name = "Check Pods Manifest.lock";
			outputPaths = (
			);
			runOnlyForDeploymentPostprocessing = 0;
			shellPath = /bin/sh;
			shellScript = "diff \"${PODS_ROOT}/../Podfile.lock\" \"${PODS_ROOT}/Manifest.lock\" > /dev/null\nif [[ $? != 0 ]] ; then\n    cat << EOM\nerror: The sandbox is not in sync with the Podfile.lock. Run 'pod install' or update your CocoaPods installation.\nEOM\n    exit 1\nfi\n";
			showEnvVarsInLog = 0;
		};
		5C94CE0BF2D44BA48B9D3E8A /* Copy Pods Resources */ = {
			isa = PBXShellScriptBuildPhase;
			buildActionMask = 2147483647;
			files = (
			);
			inputPaths = (
			);
			name = "Copy Pods Resources";
			outputPaths = (
			);
			runOnlyForDeploymentPostprocessing = 0;
			shellPath = /bin/sh;
			shellScript = "\"${SRCROOT}/Pods/Pods-ENotifyV2-resources.sh\"\n";
			showEnvVarsInLog = 0;
		};
/* End PBXShellScriptBuildPhase section */

/* Begin PBXSourcesBuildPhase section */
		79E238541998A1CA00B47304 /* Sources */ = {
			isa = PBXSourcesBuildPhase;
			buildActionMask = 2147483647;
			files = (
				C411499E199DFE900072F78C /* ELCRtuTableViewCell.m in Sources */,
				79E238681998A1CA00B47304 /* main.m in Sources */,
				C4114998199DF5780072F78C /* ELCAlarmCommentListViewController.m in Sources */,
				C4114995199DF5350072F78C /* ELCAddAlarmCommentViewController.m in Sources */,
				C411499B199DFDA80072F78C /* ELCRtuListViewController.m in Sources */,
				C41F64E2199D64990090636B /* ELCMainViewController.m in Sources */,
				C41F6510199D6B9D0090636B /* ELCMapViewController.m in Sources */,
				79305D751998A63300CB5029 /* ELCRtu.m in Sources */,
				C41149A1199E02610072F78C /* ELCAlarm.m in Sources */,
				79E2386C1998A1CA00B47304 /* ELCAppDelegate.m in Sources */,
				C41F64EE199D6B9D0090636B /* ELCAlarmDetailViewController.m in Sources */,
				C41F64E8199D64E00090636B /* ELCAppConfigViewController.m in Sources */,
				C41F64EB199D6B020090636B /* ELCAlarmTableViewCell.m in Sources */,
				C4B36181199CAB6E00865F7A /* ELCLoginViewController.m in Sources */,
			);
			runOnlyForDeploymentPostprocessing = 0;
		};
		79E2387B1998A1CA00B47304 /* Sources */ = {
			isa = PBXSourcesBuildPhase;
			buildActionMask = 2147483647;
			files = (
				79E2388D1998A1CA00B47304 /* ENotifyV2Tests.m in Sources */,
			);
			runOnlyForDeploymentPostprocessing = 0;
		};
/* End PBXSourcesBuildPhase section */

/* Begin PBXTargetDependency section */
		79E238851998A1CA00B47304 /* PBXTargetDependency */ = {
			isa = PBXTargetDependency;
			target = 79E238571998A1CA00B47304 /* ENotifyV2 */;
			targetProxy = 79E238841998A1CA00B47304 /* PBXContainerItemProxy */;
		};
/* End PBXTargetDependency section */

/* Begin PBXVariantGroup section */
		79E238641998A1CA00B47304 /* InfoPlist.strings */ = {
			isa = PBXVariantGroup;
			children = (
				79E238651998A1CA00B47304 /* en */,
			);
			name = InfoPlist.strings;
			sourceTree = "<group>";
		};
		79E238891998A1CA00B47304 /* InfoPlist.strings */ = {
			isa = PBXVariantGroup;
			children = (
				79E2388A1998A1CA00B47304 /* en */,
			);
			name = InfoPlist.strings;
			sourceTree = "<group>";
		};
/* End PBXVariantGroup section */

/* Begin XCBuildConfiguration section */
		79E2388E1998A1CA00B47304 /* Debug */ = {
			isa = XCBuildConfiguration;
			buildSettings = {
				ALWAYS_SEARCH_USER_PATHS = NO;
				CLANG_CXX_LANGUAGE_STANDARD = "gnu++0x";
				CLANG_CXX_LIBRARY = "libc++";
				CLANG_ENABLE_MODULES = YES;
				CLANG_ENABLE_OBJC_ARC = YES;
				CLANG_WARN_BOOL_CONVERSION = YES;
				CLANG_WARN_CONSTANT_CONVERSION = YES;
				CLANG_WARN_DIRECT_OBJC_ISA_USAGE = YES_ERROR;
				CLANG_WARN_EMPTY_BODY = YES;
				CLANG_WARN_ENUM_CONVERSION = YES;
				CLANG_WARN_INT_CONVERSION = YES;
				CLANG_WARN_OBJC_ROOT_CLASS = YES_ERROR;
				CLANG_WARN__DUPLICATE_METHOD_MATCH = YES;
				"CODE_SIGN_IDENTITY[sdk=iphoneos*]" = "iPhone Developer";
				COPY_PHASE_STRIP = NO;
				GCC_C_LANGUAGE_STANDARD = gnu99;
				GCC_DYNAMIC_NO_PIC = NO;
				GCC_OPTIMIZATION_LEVEL = 0;
				GCC_PREPROCESSOR_DEFINITIONS = (
					"DEBUG=1",
					"$(inherited)",
				);
				GCC_SYMBOLS_PRIVATE_EXTERN = NO;
				GCC_WARN_64_TO_32_BIT_CONVERSION = YES;
				GCC_WARN_ABOUT_RETURN_TYPE = YES_ERROR;
				GCC_WARN_UNDECLARED_SELECTOR = YES;
				GCC_WARN_UNINITIALIZED_AUTOS = YES_AGGRESSIVE;
				GCC_WARN_UNUSED_FUNCTION = YES;
				GCC_WARN_UNUSED_VARIABLE = YES;
				IPHONEOS_DEPLOYMENT_TARGET = 7.1;
				ONLY_ACTIVE_ARCH = YES;
				SDKROOT = iphoneos;
				TARGETED_DEVICE_FAMILY = "1,2";
			};
			name = Debug;
		};
		79E2388F1998A1CA00B47304 /* Release */ = {
			isa = XCBuildConfiguration;
			buildSettings = {
				ALWAYS_SEARCH_USER_PATHS = NO;
				CLANG_CXX_LANGUAGE_STANDARD = "gnu++0x";
				CLANG_CXX_LIBRARY = "libc++";
				CLANG_ENABLE_MODULES = YES;
				CLANG_ENABLE_OBJC_ARC = YES;
				CLANG_WARN_BOOL_CONVERSION = YES;
				CLANG_WARN_CONSTANT_CONVERSION = YES;
				CLANG_WARN_DIRECT_OBJC_ISA_USAGE = YES_ERROR;
				CLANG_WARN_EMPTY_BODY = YES;
				CLANG_WARN_ENUM_CONVERSION = YES;
				CLANG_WARN_INT_CONVERSION = YES;
				CLANG_WARN_OBJC_ROOT_CLASS = YES_ERROR;
				CLANG_WARN__DUPLICATE_METHOD_MATCH = YES;
				"CODE_SIGN_IDENTITY[sdk=iphoneos*]" = "iPhone Developer";
				COPY_PHASE_STRIP = YES;
				ENABLE_NS_ASSERTIONS = NO;
				GCC_C_LANGUAGE_STANDARD = gnu99;
				GCC_WARN_64_TO_32_BIT_CONVERSION = YES;
				GCC_WARN_ABOUT_RETURN_TYPE = YES_ERROR;
				GCC_WARN_UNDECLARED_SELECTOR = YES;
				GCC_WARN_UNINITIALIZED_AUTOS = YES_AGGRESSIVE;
				GCC_WARN_UNUSED_FUNCTION = YES;
				GCC_WARN_UNUSED_VARIABLE = YES;
				IPHONEOS_DEPLOYMENT_TARGET = 7.1;
				SDKROOT = iphoneos;
				TARGETED_DEVICE_FAMILY = "1,2";
				VALIDATE_PRODUCT = YES;
			};
			name = Release;
		};
		79E238911998A1CA00B47304 /* Debug */ = {
			isa = XCBuildConfiguration;
			baseConfigurationReference = 6262EF837C5345959712B2AD /* Pods-ENotifyV2.xcconfig */;
			buildSettings = {
				ASSETCATALOG_COMPILER_APPICON_NAME = AppIcon;
				ASSETCATALOG_COMPILER_LAUNCHIMAGE_NAME = LaunchImage;
				CODE_SIGN_IDENTITY = "iPhone Developer";
				"CODE_SIGN_IDENTITY[sdk=iphoneos*]" = "iPhone Developer";
				GCC_PRECOMPILE_PREFIX_HEADER = YES;
				GCC_PREFIX_HEADER = "ENotifyV2/ENotifyV2-Prefix.pch";
				INFOPLIST_FILE = "ENotifyV2/ENotifyV2-Info.plist";
				PRODUCT_NAME = "$(TARGET_NAME)";
				PROVISIONING_PROFILE = "";
				TARGETED_DEVICE_FAMILY = 1;
				WRAPPER_EXTENSION = app;
			};
			name = Debug;
		};
		79E238921998A1CA00B47304 /* Release */ = {
			isa = XCBuildConfiguration;
			baseConfigurationReference = 6262EF837C5345959712B2AD /* Pods-ENotifyV2.xcconfig */;
			buildSettings = {
				ASSETCATALOG_COMPILER_APPICON_NAME = AppIcon;
				ASSETCATALOG_COMPILER_LAUNCHIMAGE_NAME = LaunchImage;
				CODE_SIGN_IDENTITY = "iPhone Developer";
				"CODE_SIGN_IDENTITY[sdk=iphoneos*]" = "iPhone Developer";
				GCC_PRECOMPILE_PREFIX_HEADER = YES;
				GCC_PREFIX_HEADER = "ENotifyV2/ENotifyV2-Prefix.pch";
				INFOPLIST_FILE = "ENotifyV2/ENotifyV2-Info.plist";
				PRODUCT_NAME = "$(TARGET_NAME)";
				PROVISIONING_PROFILE = "";
				TARGETED_DEVICE_FAMILY = 1;
				WRAPPER_EXTENSION = app;
			};
			name = Release;
		};
		79E238941998A1CA00B47304 /* Debug */ = {
			isa = XCBuildConfiguration;
			buildSettings = {
				BUNDLE_LOADER = "$(BUILT_PRODUCTS_DIR)/ENotifyV2.app/ENotifyV2";
				FRAMEWORK_SEARCH_PATHS = (
					"$(SDKROOT)/Developer/Library/Frameworks",
					"$(inherited)",
					"$(DEVELOPER_FRAMEWORKS_DIR)",
				);
				GCC_PRECOMPILE_PREFIX_HEADER = YES;
				GCC_PREFIX_HEADER = "ENotifyV2/ENotifyV2-Prefix.pch";
				GCC_PREPROCESSOR_DEFINITIONS = (
					"DEBUG=1",
					"$(inherited)",
				);
				INFOPLIST_FILE = "ENotifyV2Tests/ENotifyV2Tests-Info.plist";
				PRODUCT_NAME = "$(TARGET_NAME)";
				TEST_HOST = "$(BUNDLE_LOADER)";
				WRAPPER_EXTENSION = xctest;
			};
			name = Debug;
		};
		79E238951998A1CA00B47304 /* Release */ = {
			isa = XCBuildConfiguration;
			buildSettings = {
				BUNDLE_LOADER = "$(BUILT_PRODUCTS_DIR)/ENotifyV2.app/ENotifyV2";
				FRAMEWORK_SEARCH_PATHS = (
					"$(SDKROOT)/Developer/Library/Frameworks",
					"$(inherited)",
					"$(DEVELOPER_FRAMEWORKS_DIR)",
				);
				GCC_PRECOMPILE_PREFIX_HEADER = YES;
				GCC_PREFIX_HEADER = "ENotifyV2/ENotifyV2-Prefix.pch";
				INFOPLIST_FILE = "ENotifyV2Tests/ENotifyV2Tests-Info.plist";
				PRODUCT_NAME = "$(TARGET_NAME)";
				TEST_HOST = "$(BUNDLE_LOADER)";
				WRAPPER_EXTENSION = xctest;
			};
			name = Release;
		};
/* End XCBuildConfiguration section */

/* Begin XCConfigurationList section */
		79E238531998A1C900B47304 /* Build configuration list for PBXProject "ENotifyV2" */ = {
			isa = XCConfigurationList;
			buildConfigurations = (
				79E2388E1998A1CA00B47304 /* Debug */,
				79E2388F1998A1CA00B47304 /* Release */,
			);
			defaultConfigurationIsVisible = 0;
			defaultConfigurationName = Release;
		};
		79E238901998A1CA00B47304 /* Build configuration list for PBXNativeTarget "ENotifyV2" */ = {
			isa = XCConfigurationList;
			buildConfigurations = (
				79E238911998A1CA00B47304 /* Debug */,
				79E238921998A1CA00B47304 /* Release */,
			);
			defaultConfigurationIsVisible = 0;
			defaultConfigurationName = Release;
		};
		79E238931998A1CA00B47304 /* Build configuration list for PBXNativeTarget "ENotifyV2Tests" */ = {
			isa = XCConfigurationList;
			buildConfigurations = (
				79E238941998A1CA00B47304 /* Debug */,
				79E238951998A1CA00B47304 /* Release */,
			);
			defaultConfigurationIsVisible = 0;
			defaultConfigurationName = Release;
		};
/* End XCConfigurationList section */
	};
	rootObject = 79E238501998A1C900B47304 /* Project object */;
}
